# THIS IS AN AUTOGENERATED FILE. DO NOT EDIT THIS FILE DIRECTLY.
# yarn lockfile v1


electron-positioner@^4.1.0:
  version "4.1.0"
  resolved "https://registry.yarnpkg.com/electron-positioner/-/electron-positioner-4.1.0.tgz#e158f8f6aabd6725a8a9b4f2279b9504bcbea1b0"
  integrity sha512-726DfbI9ZNoCg+Fcu6XLuTKTnzf+6nFqv7h+K/V6Ug7IbaPMI7s9S8URnGtWFCy5N5PL4HSzRFF2mXuinftDdg==

menubar@^9.0.3:
  version "9.0.3"
  resolved "https://registry.yarnpkg.com/menubar/-/menubar-9.0.3.tgz#ba884a0ab0003d9b0f2a18bfda9da09b4d212eae"
  integrity sha512-J5MVygpC5L9cCdZQuCSSdorSidKVqwHKabHcL+oavl2wScWL1jVWFYikxA03L1k3Q58QFF2szFXTceJpMshJSA==
  dependencies:
    electron-positioner "^4.1.0"
